
Microsoft Visual Studio Solution File, Format Version 12.00
# Visual Studio Version 18
VisualStudioVersion = 18.5.11605.296
MinimumVisualStudioVersion = 10.0.40219.1
Project("{FAE04EC0-301F-11D3-BF4B-00C04F79EFBC}") = "Client.Wasm", "Client.Wasm\Client.Wasm.csproj", "{AE7EEA74-2FE0-136F-D797-854FD87E022A}"
EndProject
Project("{FAE04EC0-301F-11D3-BF4B-00C04F79EFBC}") = "Service.Api", "Service.Api\Service.Api.csproj", "{80A9FC01-11CE-A33B-47BE-CACEC33F4A47}"
EndProject
Project("{FAE04EC0-301F-11D3-BF4B-00C04F79EFBC}") = "CloudDevelopment.AppHost", "CloudDevelopment.AppHost\CloudDevelopment.AppHost.csproj", "{10372068-9964-4BA3-8F2A-4A334E5D1301}"
EndProject
Project("{FAE04EC0-301F-11D3-BF4B-00C04F79EFBC}") = "CloudDevelopment.ServiceDefaults", "CloudDevelopment.ServiceDefaults\CloudDevelopment.ServiceDefaults.csproj", "{DC017A15-5E73-C618-2A78-CD0D64478DC9}"
EndProject
Project("{FAE04EC0-301F-11D3-BF4B-00C04F79EFBC}") = "Api.GateWay", "Api.GateWay\Api.GateWay.csproj", "{C99E72F4-9BA7-7D56-C88E-FB28534EFCB6}"
EndProject
Global
	GlobalSection(SolutionConfigurationPlatforms) = preSolution
		Debug|Any CPU = Debug|Any CPU
		Release|Any CPU = Release|Any CPU
	EndGlobalSection
	GlobalSection(ProjectConfigurationPlatforms) = postSolution
		{AE7EEA74-2FE0-136F-D797-854FD87E022A}.Debug|Any CPU.ActiveCfg = Debug|Any CPU
		{AE7EEA74-2FE0-136F-D797-854FD87E022A}.Debug|Any CPU.Build.0 = Debug|Any CPU
		{AE7EEA74-2FE0-136F-D797-854FD87E022A}.Release|Any CPU.ActiveCfg = Release|Any CPU
		{AE7EEA74-2FE0-136F-D797-854FD87E022A}.Release|Any CPU.Build.0 = Release|Any CPU
		{80A9FC01-11CE-A33B-47BE-CACEC33F4A47}.Debug|Any CPU.ActiveCfg = Debug|Any CPU
		{80A9FC01-11CE-A33B-47BE-CACEC33F4A47}.Debug|Any CPU.Build.0 = Debug|Any CPU
		{80A9FC01-11CE-A33B-47BE-CACEC33F4A47}.Release|Any CPU.ActiveCfg = Release|Any CPU
		{80A9FC01-11CE-A33B-47BE-CACEC33F4A47}.Release|Any CPU.Build.0 = Release|Any CPU
		{10372068-9964-4BA3-8F2A-4A334E5D1301}.Debug|Any CPU.ActiveCfg = Debug|Any CPU
		{10372068-9964-4BA3-8F2A-4A334E5D1301}.Debug|Any CPU.Build.0 = Debug|Any CPU
		{10372068-9964-4BA3-8F2A-4A334E5D1301}.Release|Any CPU.ActiveCfg = Release|Any CPU
		{10372068-9964-4BA3-8F2A-4A334E5D1301}.Release|Any CPU.Build.0 = Release|Any CPU
		{DC017A15-5E73-C618-2A78-CD0D64478DC9}.Debug|Any CPU.ActiveCfg = Debug|Any CPU
		{DC017A15-5E73-C618-2A78-CD0D64478DC9}.Debug|Any CPU.Build.0 = Debug|Any CPU
		{DC017A15-5E73-C618-2A78-CD0D64478DC9}.Release|Any CPU.ActiveCfg = Release|Any CPU
		{DC017A15-5E73-C618-2A78-CD0D64478DC9}.Release|Any CPU.Build.0 = Release|Any CPU
		{C99E72F4-9BA7-7D56-C88E-FB28534EFCB6}.Debug|Any CPU.ActiveCfg = Debug|Any CPU
		{C99E72F4-9BA7-7D56-C88E-FB28534EFCB6}.Debug|Any CPU.Build.0 = Debug|Any CPU
		{C99E72F4-9BA7-7D56-C88E-FB28534EFCB6}.Release|Any CPU.ActiveCfg = Release|Any CPU
		{C99E72F4-9BA7-7D56-C88E-FB28534EFCB6}.Release|Any CPU.Build.0 = Release|Any CPU
	EndGlobalSection
	GlobalSection(SolutionProperties) = preSolution
		HideSolutionNode = FALSE
	EndGlobalSection
	GlobalSection(ExtensibilityGlobals) = postSolution
		SolutionGuid = {90FE6B04-8381-437E-893A-FEBA1DA10AEE}
	EndGlobalSection
EndGlobal
